
Microsoft Visual Studio Solution File, Format Version 12.00
# Visual Studio Version 17
VisualStudioVersion = 17.7.34018.315
MinimumVisualStudioVersion = 10.0.40219.1
Project("{FAE04EC0-301F-11D3-BF4B-00C04F79EFBC}") = "anki-geo", "anki-geo.csproj", "{9BC1F638-52CC-413D-B4E5-E0548927DDFD}"
EndProject
Global
	GlobalSection(SolutionConfigurationPlatforms) = preSolution
		Debug|Any CPU = Debug|Any CPU
		Release|Any CPU = Release|Any CPU
	EndGlobalSection
	GlobalSection(ProjectConfigurationPlatforms) = postSolution
		{9BC1F638-52CC-413D-B4E5-E0548927DDFD}.Debug|Any CPU.ActiveCfg = Debug|Any CPU
		{9BC1F638-52CC-413D-B4E5-E0548927DDFD}.Debug|Any CPU.Build.0 = Debug|Any CPU
		{9BC1F638-52CC-413D-B4E5-E0548927DDFD}.Release|Any CPU.ActiveCfg = Release|Any CPU
		{9BC1F638-52CC-413D-B4E5-E0548927DDFD}.Release|Any CPU.Build.0 = Release|Any CPU
	EndGlobalSection
	GlobalSection(SolutionProperties) = preSolution
		HideSolutionNode = FALSE
	EndGlobalSection
	GlobalSection(ExtensibilityGlobals) = postSolution
		SolutionGuid = {AB2A0393-96D5-4A6F-8032-69BF1E88A3FD}
	EndGlobalSection
EndGlobal
